
Microsoft Visual Studio Solution File, Format Version 12.00
# Visual Studio 15
VisualStudioVersion = 15.0.28010.2016
MinimumVisualStudioVersion = 10.0.40219.1
Project("{FAE04EC0-301F-11D3-BF4B-00C04F79EFBC}") = "FruitMod", "FruitMod\FruitMod.csproj", "{2FB80009-0B2B-4B3F-AA5C-ECFFCD74FD8C}"
EndProject
Global
	GlobalSection(SolutionConfigurationPlatforms) = preSolution
		Debug|Any CPU = Debug|Any CPU
		Release|Any CPU = Release|Any CPU
	EndGlobalSection
	GlobalSection(ProjectConfigurationPlatforms) = postSolution
		{2FB80009-0B2B-4B3F-AA5C-ECFFCD74FD8C}.Debug|Any CPU.ActiveCfg = Debug|Any CPU
		{2FB80009-0B2B-4B3F-AA5C-ECFFCD74FD8C}.Debug|Any CPU.Build.0 = Debug|Any CPU
		{2FB80009-0B2B-4B3F-AA5C-ECFFCD74FD8C}.Release|Any CPU.ActiveCfg = Release|Any CPU
		{2FB80009-0B2B-4B3F-AA5C-ECFFCD74FD8C}.Release|Any CPU.Build.0 = Release|Any CPU
	EndGlobalSection
	GlobalSection(SolutionProperties) = preSolution
		HideSolutionNode = FALSE
	EndGlobalSection
	GlobalSection(ExtensibilityGlobals) = postSolution
		SolutionGuid = {C7E3BB05-3ACA-42BB-A356-65A6EB32E291}
	EndGlobalSection
EndGlobal
